<Solution>
  <Project Path="YandexOAuthClient.Diagnostics.HealthChecks/YandexOAuthClient.Diagnostics.HealthChecks.csproj" />
  <Project Path="YandexOAuthClient.TokenStorage.Decorators.DataProtection/YandexOAuthClient.TokenStorage.Decorators.DataProtection.csproj" />
  <Project Path="YandexOAuthClient.TokenStorage.DistributedCache/YandexOAuthClient.TokenStorage.DistributedCache.csproj" />
  <Project Path="YandexOAuthClient/YandexOAuthClient.csproj" />
</Solution>
